
Microsoft Visual Studio Solution File, Format Version 12.00
# Visual Studio Version 16
VisualStudioVersion = 16.0.30804.86
MinimumVisualStudioVersion = 10.0.40219.1
Project("{FAE04EC0-301F-11D3-BF4B-00C04F79EFBC}") = "NetFrameworkConsoleApplicationWithTopShelfFileWatcher", "NetFrameworkConsoleApplicationWithTopShelfFileWatcher\NetFrameworkConsoleApplicationWithTopShelfFileWatcher.csproj", "{ECBAFC4E-0FFB-454F-9E8E-6F7D5337D805}"
EndProject
Global
	GlobalSection(SolutionConfigurationPlatforms) = preSolution
		Debug|Any CPU = Debug|Any CPU
		Release|Any CPU = Release|Any CPU
	EndGlobalSection
	GlobalSection(ProjectConfigurationPlatforms) = postSolution
		{ECBAFC4E-0FFB-454F-9E8E-6F7D5337D805}.Debug|Any CPU.ActiveCfg = Debug|Any CPU
		{ECBAFC4E-0FFB-454F-9E8E-6F7D5337D805}.Debug|Any CPU.Build.0 = Debug|Any CPU
		{ECBAFC4E-0FFB-454F-9E8E-6F7D5337D805}.Release|Any CPU.ActiveCfg = Release|Any CPU
		{ECBAFC4E-0FFB-454F-9E8E-6F7D5337D805}.Release|Any CPU.Build.0 = Release|Any CPU
	EndGlobalSection
	GlobalSection(SolutionProperties) = preSolution
		HideSolutionNode = FALSE
	EndGlobalSection
	GlobalSection(ExtensibilityGlobals) = postSolution
		SolutionGuid = {270AC375-FC24-4796-B084-B2FDA998C11B}
	EndGlobalSection
EndGlobal
